
Microsoft Visual Studio Solution File, Format Version 12.00
# Visual Studio 2013
VisualStudioVersion = 12.0.31101.0
MinimumVisualStudioVersion = 10.0.40219.1
Project("{2150E333-8FDC-42A3-9474-1A3956D46DE8}") = "App1", "App1", "{5352D790-FC5C-4FC5-AC0E-26BB0ADEBEBD}"
EndProject
Project("{D954291E-2A0B-460D-934E-DC6B0785DB48}") = "App1.Shared", "App1\App1.Shared\App1.Shared.shproj", "{0EB578E1-0445-4C1F-8CC5-1F90C72246B1}"
EndProject
Project("{FAE04EC0-301F-11D3-BF4B-00C04F79EFBC}") = "App1.Windows", "App1\App1.Windows\App1.Windows.csproj", "{0E6681D5-B0BD-49E5-9C1B-565AC22EC5C2}"
EndProject
Project("{FAE04EC0-301F-11D3-BF4B-00C04F79EFBC}") = "App1.WindowsPhone", "App1\App1.WindowsPhone\App1.WindowsPhone.csproj", "{66AC855E-3153-4F67-9A1B-96D63660B5B7}"
EndProject
Project("{FAE04EC0-301F-11D3-BF4B-00C04F79EFBC}") = "ClassLibrary1", "ClassLibrary1\ClassLibrary1.csproj", "{CEAD74F2-1188-4C2F-8035-AD551451F304}"
EndProject
Global
	GlobalSection(SharedMSBuildProjectFiles) = preSolution
		App1\App1.Shared\App1.Shared.projitems*{66ac855e-3153-4f67-9a1b-96d63660b5b7}*SharedItemsImports = 4
		App1\App1.Shared\App1.Shared.projitems*{0e6681d5-b0bd-49e5-9c1b-565ac22ec5c2}*SharedItemsImports = 4
		App1\App1.Shared\App1.Shared.projitems*{0eb578e1-0445-4c1f-8cc5-1f90c72246b1}*SharedItemsImports = 13
	EndGlobalSection
	GlobalSection(SolutionConfigurationPlatforms) = preSolution
		Debug|Any CPU = Debug|Any CPU
		Debug|ARM = Debug|ARM
		Debug|x64 = Debug|x64
		Debug|x86 = Debug|x86
		Release|Any CPU = Release|Any CPU
		Release|ARM = Release|ARM
		Release|x64 = Release|x64
		Release|x86 = Release|x86
	EndGlobalSection
	GlobalSection(ProjectConfigurationPlatforms) = postSolution
		{0E6681D5-B0BD-49E5-9C1B-565AC22EC5C2}.Debug|Any CPU.ActiveCfg = Debug|Any CPU
		{0E6681D5-B0BD-49E5-9C1B-565AC22EC5C2}.Debug|Any CPU.Build.0 = Debug|Any CPU
		{0E6681D5-B0BD-49E5-9C1B-565AC22EC5C2}.Debug|Any CPU.Deploy.0 = Debug|Any CPU
		{0E6681D5-B0BD-49E5-9C1B-565AC22EC5C2}.Debug|ARM.ActiveCfg = Debug|ARM
		{0E6681D5-B0BD-49E5-9C1B-565AC22EC5C2}.Debug|ARM.Build.0 = Debug|ARM
		{0E6681D5-B0BD-49E5-9C1B-565AC22EC5C2}.Debug|ARM.Deploy.0 = Debug|ARM
		{0E6681D5-B0BD-49E5-9C1B-565AC22EC5C2}.Debug|x64.ActiveCfg = Debug|x64
		{0E6681D5-B0BD-49E5-9C1B-565AC22EC5C2}.Debug|x64.Build.0 = Debug|x64
		{0E6681D5-B0BD-49E5-9C1B-565AC22EC5C2}.Debug|x64.Deploy.0 = Debug|x64
		{0E6681D5-B0BD-49E5-9C1B-565AC22EC5C2}.Debug|x86.ActiveCfg = Debug|x86
		{0E6681D5-B0BD-49E5-9C1B-565AC22EC5C2}.Debug|x86.Build.0 = Debug|x86
		{0E6681D5-B0BD-49E5-9C1B-565AC22EC5C2}.Debug|x86.Deploy.0 = Debug|x86
		{0E6681D5-B0BD-49E5-9C1B-565AC22EC5C2}.Release|Any CPU.ActiveCfg = Release|Any CPU
		{0E6681D5-B0BD-49E5-9C1B-565AC22EC5C2}.Release|Any CPU.Build.0 = Release|Any CPU
		{0E6681D5-B0BD-49E5-9C1B-565AC22EC5C2}.Release|Any CPU.Deploy.0 = Release|Any CPU
		{0E6681D5-B0BD-49E5-9C1B-565AC22EC5C2}.Release|ARM.ActiveCfg = Release|ARM
		{0E6681D5-B0BD-49E5-9C1B-565AC22EC5C2}.Release|ARM.Build.0 = Release|ARM
		{0E6681D5-B0BD-49E5-9C1B-565AC22EC5C2}.Release|ARM.Deploy.0 = Release|ARM
		{0E6681D5-B0BD-49E5-9C1B-565AC22EC5C2}.Release|x64.ActiveCfg = Release|x64
		{0E6681D5-B0BD-49E5-9C1B-565AC22EC5C2}.Release|x64.Build.0 = Release|x64
		{0E6681D5-B0BD-49E5-9C1B-565AC22EC5C2}.Release|x64.Deploy.0 = Release|x64
		{0E6681D5-B0BD-49E5-9C1B-565AC22EC5C2}.Release|x86.ActiveCfg = Release|x86
		{0E6681D5-B0BD-49E5-9C1B-565AC22EC5C2}.Release|x86.Build.0 = Release|x86
		{0E6681D5-B0BD-49E5-9C1B-565AC22EC5C2}.Release|x86.Deploy.0 = Release|x86
		{66AC855E-3153-4F67-9A1B-96D63660B5B7}.Debug|Any CPU.ActiveCfg = Debug|Any CPU
		{66AC855E-3153-4F67-9A1B-96D63660B5B7}.Debug|Any CPU.Build.0 = Debug|Any CPU
		{66AC855E-3153-4F67-9A1B-96D63660B5B7}.Debug|Any CPU.Deploy.0 = Debug|Any CPU
		{66AC855E-3153-4F67-9A1B-96D63660B5B7}.Debug|ARM.ActiveCfg = Debug|ARM
		{66AC855E-3153-4F67-9A1B-96D63660B5B7}.Debug|ARM.Build.0 = Debug|ARM
		{66AC855E-3153-4F67-9A1B-96D63660B5B7}.Debug|ARM.Deploy.0 = Debug|ARM
		{66AC855E-3153-4F67-9A1B-96D63660B5B7}.Debug|x64.ActiveCfg = Debug|Any CPU
		{66AC855E-3153-4F67-9A1B-96D63660B5B7}.Debug|x86.ActiveCfg = Debug|x86
		{66AC855E-3153-4F67-9A1B-96D63660B5B7}.Debug|x86.Build.0 = Debug|x86
		{66AC855E-3153-4F67-9A1B-96D63660B5B7}.Debug|x86.Deploy.0 = Debug|x86
		{66AC855E-3153-4F67-9A1B-96D63660B5B7}.Release|Any CPU.ActiveCfg = Release|Any CPU
		{66AC855E-3153-4F67-9A1B-96D63660B5B7}.Release|Any CPU.Build.0 = Release|Any CPU
		{66AC855E-3153-4F67-9A1B-96D63660B5B7}.Release|Any CPU.Deploy.0 = Release|Any CPU
		{66AC855E-3153-4F67-9A1B-96D63660B5B7}.Release|ARM.ActiveCfg = Release|ARM
		{66AC855E-3153-4F67-9A1B-96D63660B5B7}.Release|ARM.Build.0 = Release|ARM
		{66AC855E-3153-4F67-9A1B-96D63660B5B7}.Release|ARM.Deploy.0 = Release|ARM
		{66AC855E-3153-4F67-9A1B-96D63660B5B7}.Release|x64.ActiveCfg = Release|Any CPU
		{66AC855E-3153-4F67-9A1B-96D63660B5B7}.Release|x86.ActiveCfg = Release|x86
		{66AC855E-3153-4F67-9A1B-96D63660B5B7}.Release|x86.Build.0 = Release|x86
		{66AC855E-3153-4F67-9A1B-96D63660B5B7}.Release|x86.Deploy.0 = Release|x86
		{CEAD74F2-1188-4C2F-8035-AD551451F304}.Debug|Any CPU.ActiveCfg = Debug|Any CPU
		{CEAD74F2-1188-4C2F-8035-AD551451F304}.Debug|Any CPU.Build.0 = Debug|Any CPU
		{CEAD74F2-1188-4C2F-8035-AD551451F304}.Debug|ARM.ActiveCfg = Debug|Any CPU
		{CEAD74F2-1188-4C2F-8035-AD551451F304}.Debug|x64.ActiveCfg = Debug|Any CPU
		{CEAD74F2-1188-4C2F-8035-AD551451F304}.Debug|x86.ActiveCfg = Debug|Any CPU
		{CEAD74F2-1188-4C2F-8035-AD551451F304}.Release|Any CPU.ActiveCfg = Release|Any CPU
		{CEAD74F2-1188-4C2F-8035-AD551451F304}.Release|Any CPU.Build.0 = Release|Any CPU
		{CEAD74F2-1188-4C2F-8035-AD551451F304}.Release|ARM.ActiveCfg = Release|Any CPU
		{CEAD74F2-1188-4C2F-8035-AD551451F304}.Release|x64.ActiveCfg = Release|Any CPU
		{CEAD74F2-1188-4C2F-8035-AD551451F304}.Release|x86.ActiveCfg = Release|Any CPU
	EndGlobalSection
	GlobalSection(SolutionProperties) = preSolution
		HideSolutionNode = FALSE
	EndGlobalSection
	GlobalSection(NestedProjects) = preSolution
		{0EB578E1-0445-4C1F-8CC5-1F90C72246B1} = {5352D790-FC5C-4FC5-AC0E-26BB0ADEBEBD}
		{0E6681D5-B0BD-49E5-9C1B-565AC22EC5C2} = {5352D790-FC5C-4FC5-AC0E-26BB0ADEBEBD}
		{66AC855E-3153-4F67-9A1B-96D63660B5B7} = {5352D790-FC5C-4FC5-AC0E-26BB0ADEBEBD}
	EndGlobalSection
EndGlobal
